{
  "nodes": {
    "nixpkgs": {
      "locked": {
        "lastModified": 1696786885,
        "narHash": "sha256-YThxA5u3bvlbUfO6klhc+u5bcjJYNFpW114XHfYgEZc=",
        "path": "/nix/store/ilr46hhspl6szhh46yfpfa22j1p80dl3-source",
        "rev": "cb5185cc83829193643d75f2785ee782e13440ad",
        "type": "path"
      },
      "original": {
        "id": "nixpkgs",
        "type": "indirect"
      }
    },
    "root": {
      "inputs": {
        "nixpkgs": "nixpkgs"
      }
    }
  },
  "root": "root",
  "version": 7
}
